{
  "name": "wlj-flow",
  "version": "1.0.9",
  "lockfileVersion": 1,
  "requires": true,
  "dependencies": {
    "bignumber.js": {
      "version": "9.0.0",
      "resolved": "https://registry.npmjs.org/bignumber.js/-/bignumber.js-9.0.0.tgz",
      "integrity": "sha512-t/OYhhJ2SD+YGBQcjY8GzzDHEk9f3nerxjtfa6tlMXfe7frs/WozhvCNoGvpM0P3bNf3Gq5ZRMlGr5f3r4/N8A=="
    },
    "na-gaussian-elimination": {
      "version": "1.0.0",
      "resolved": "https://registry.npmjs.org/na-gaussian-elimination/-/na-gaussian-elimination-1.0.0.tgz",
      "integrity": "sha512-h4l1MfScPXLPiC0wer5zOAgDZCcZswZ2K27I10RujWw3SWSu0RYICWI6mg/aN1xIfQ+dRh44aNX21COTVwD21g=="
    },
    "readline-sync": {
      "version": "1.4.10",
      "resolved": "https://registry.npmjs.org/readline-sync/-/readline-sync-1.4.10.tgz",
      "integrity": "sha512-gNva8/6UAe8QYepIQH/jQ2qn91Qj0B9sYjMBBs3QOB8F2CXcKgLxQaJRP76sWVRQt+QU+8fAkCbCvjjMFu7Ycw=="
    },
    "rref": {
      "version": "0.0.1",
      "resolved": "https://registry.npmjs.org/rref/-/rref-0.0.1.tgz",
      "integrity": "sha1-lZRimkZpLG8QBhXFJFmHCOrCDO8="
    },
    "wlj-utilities": {
      "version": "1.0.61",
      "resolved": "https://registry.npmjs.org/wlj-utilities/-/wlj-utilities-1.0.61.tgz",
      "integrity": "sha512-2Pje/kfh/T4NSVg3lyB7TaWDQxF/8PC2qiu5jBgVKP1Wn+xj/Ms8XQXT7bLBjYTtWRgi5HnRDNMm3n3m+p6WzA==",
      "requires": {
        "bignumber.js": "^9.0.0",
        "na-gaussian-elimination": "^1.0.0",
        "rref": "0.0.1"
      }
    }
  }
}
